
Microsoft Visual Studio Solution File, Format Version 12.00
# Visual Studio Version 17
VisualStudioVersion = 17.11.35431.28
MinimumVisualStudioVersion = 10.0.40219.1
Project("{FAE04EC0-301F-11D3-BF4B-00C04F79EFBC}") = "UMS.Web", "UMS.Web.csproj", "{8BD0A97E-18AD-4EC4-A607-EE444C70F8BF}"
	ProjectSection(ProjectDependencies) = postProject
		{106A8957-A075-478F-B301-8098DF7B7DBA} = {106A8957-A075-478F-B301-8098DF7B7DBA}
		{6427AC46-27D1-4E81-89F1-B0936EDAA16F} = {6427AC46-27D1-4E81-89F1-B0936EDAA16F}
	EndProjectSection
EndProject
Project("{FAE04EC0-301F-11D3-BF4B-00C04F79EFBC}") = "UMS.Core", "..\UMS.Core\UMS.Core.csproj", "{6427AC46-27D1-4E81-89F1-B0936EDAA16F}"
EndProject
Project("{FAE04EC0-301F-11D3-BF4B-00C04F79EFBC}") = "UMS.Infrastructure", "..\UMS.Infrastructure\UMS.Infrastructure.csproj", "{106A8957-A075-478F-B301-8098DF7B7DBA}"
	ProjectSection(ProjectDependencies) = postProject
		{6427AC46-27D1-4E81-89F1-B0936EDAA16F} = {6427AC46-27D1-4E81-89F1-B0936EDAA16F}
	EndProjectSection
EndProject
Global
	GlobalSection(SolutionConfigurationPlatforms) = preSolution
		Debug|Any CPU = Debug|Any CPU
		Release|Any CPU = Release|Any CPU
		Staging|Any CPU = Staging|Any CPU
	EndGlobalSection
	GlobalSection(ProjectConfigurationPlatforms) = postSolution
		{8BD0A97E-18AD-4EC4-A607-EE444C70F8BF}.Debug|Any CPU.ActiveCfg = Debug|Any CPU
		{8BD0A97E-18AD-4EC4-A607-EE444C70F8BF}.Debug|Any CPU.Build.0 = Debug|Any CPU
		{8BD0A97E-18AD-4EC4-A607-EE444C70F8BF}.Release|Any CPU.ActiveCfg = Release|Any CPU
		{8BD0A97E-18AD-4EC4-A607-EE444C70F8BF}.Release|Any CPU.Build.0 = Release|Any CPU
		{8BD0A97E-18AD-4EC4-A607-EE444C70F8BF}.Staging|Any CPU.ActiveCfg = Staging|Any CPU
		{8BD0A97E-18AD-4EC4-A607-EE444C70F8BF}.Staging|Any CPU.Build.0 = Staging|Any CPU
		{6427AC46-27D1-4E81-89F1-B0936EDAA16F}.Debug|Any CPU.ActiveCfg = Debug|Any CPU
		{6427AC46-27D1-4E81-89F1-B0936EDAA16F}.Debug|Any CPU.Build.0 = Debug|Any CPU
		{6427AC46-27D1-4E81-89F1-B0936EDAA16F}.Release|Any CPU.ActiveCfg = Release|Any CPU
		{6427AC46-27D1-4E81-89F1-B0936EDAA16F}.Release|Any CPU.Build.0 = Release|Any CPU
		{6427AC46-27D1-4E81-89F1-B0936EDAA16F}.Staging|Any CPU.ActiveCfg = Staging|Any CPU
		{6427AC46-27D1-4E81-89F1-B0936EDAA16F}.Staging|Any CPU.Build.0 = Staging|Any CPU
		{106A8957-A075-478F-B301-8098DF7B7DBA}.Debug|Any CPU.ActiveCfg = Debug|Any CPU
		{106A8957-A075-478F-B301-8098DF7B7DBA}.Debug|Any CPU.Build.0 = Debug|Any CPU
		{106A8957-A075-478F-B301-8098DF7B7DBA}.Release|Any CPU.ActiveCfg = Release|Any CPU
		{106A8957-A075-478F-B301-8098DF7B7DBA}.Release|Any CPU.Build.0 = Release|Any CPU
		{106A8957-A075-478F-B301-8098DF7B7DBA}.Staging|Any CPU.ActiveCfg = Debug|Any CPU
		{106A8957-A075-478F-B301-8098DF7B7DBA}.Staging|Any CPU.Build.0 = Debug|Any CPU
	EndGlobalSection
	GlobalSection(SolutionProperties) = preSolution
		HideSolutionNode = FALSE
	EndGlobalSection
	GlobalSection(ExtensibilityGlobals) = postSolution
		SolutionGuid = {1AC1B0D3-32BE-484E-BFDC-130166199DE3}
	EndGlobalSection
EndGlobal
